
Microsoft Visual Studio Solution File, Format Version 12.00
# Visual Studio Version 17
VisualStudioVersion = 17.4.33213.308
MinimumVisualStudioVersion = 10.0.40219.1
Project("{2150E333-8FDC-42A3-9474-1A3956D46DE8}") = "src", "src", "{260FDF88-0BF3-41B3-8ABF-5C902C8B70D9}"
EndProject
Project("{2150E333-8FDC-42A3-9474-1A3956D46DE8}") = "test", "test", "{DA0BE0D8-E365-4F8C-8EC5-C21299BA500F}"
EndProject
Project("{2150E333-8FDC-42A3-9474-1A3956D46DE8}") = "API", "API", "{DF04FC69-A6C7-45A9-873E-75E300646621}"
EndProject
Project("{2150E333-8FDC-42A3-9474-1A3956D46DE8}") = "Domain", "Domain", "{0BB78C34-D79C-44DD-88E5-318F2541648C}"
EndProject
Project("{2150E333-8FDC-42A3-9474-1A3956D46DE8}") = "Infrastructure", "Infrastructure", "{21395883-0094-4429-83B9-F48E6C47DC15}"
EndProject
Project("{2150E333-8FDC-42A3-9474-1A3956D46DE8}") = "Domain", "Domain", "{92B168D2-9D31-4B6F-80AB-9739A18C4415}"
EndProject
Project("{9A19103F-16F7-4668-BE54-9A1E7A4F7556}") = "Bank.AppService", "Bank.AppService\Bank.AppService.csproj", "{CBD3A1EB-B848-40A5-9237-B16C7EF8F15E}"
	ProjectSection(ProjectDependencies) = postProject
		{49FCD937-1E86-48D6-8F20-FAC8F0A73C14} = {49FCD937-1E86-48D6-8F20-FAC8F0A73C14}
	EndProjectSection
EndProject
Project("{9A19103F-16F7-4668-BE54-9A1E7A4F7556}") = "Domain.Entities", "Domain.Entities\Domain.Entities.csproj", "{0862E854-431A-4062-A4CC-6C919CCBC217}"
EndProject
Project("{9A19103F-16F7-4668-BE54-9A1E7A4F7556}") = "Domain.UseCase", "Domain.UseCase\Domain.UseCase.csproj", "{413895AA-FDAB-4A5E-A31A-F3C844ACA7D6}"
EndProject
Project("{9A19103F-16F7-4668-BE54-9A1E7A4F7556}") = "Infrastructure.DrivenAdapter", "Infrastructure.DrivenAdapter\Infrastructure.DrivenAdapter.csproj", "{49FCD937-1E86-48D6-8F20-FAC8F0A73C14}"
EndProject
Project("{9A19103F-16F7-4668-BE54-9A1E7A4F7556}") = "Domain.UseCasesTest", "Domain.UseCasesTest\Domain.UseCasesTest.csproj", "{0E3C73D8-09AB-45FA-BCFC-D3A355E63E88}"
	ProjectSection(ProjectDependencies) = postProject
		{49FCD937-1E86-48D6-8F20-FAC8F0A73C14} = {49FCD937-1E86-48D6-8F20-FAC8F0A73C14}
	EndProjectSection
EndProject
Global
	GlobalSection(SolutionConfigurationPlatforms) = preSolution
		Debug|Any CPU = Debug|Any CPU
		Release|Any CPU = Release|Any CPU
	EndGlobalSection
	GlobalSection(ProjectConfigurationPlatforms) = postSolution
		{CBD3A1EB-B848-40A5-9237-B16C7EF8F15E}.Debug|Any CPU.ActiveCfg = Debug|Any CPU
		{CBD3A1EB-B848-40A5-9237-B16C7EF8F15E}.Debug|Any CPU.Build.0 = Debug|Any CPU
		{CBD3A1EB-B848-40A5-9237-B16C7EF8F15E}.Release|Any CPU.ActiveCfg = Release|Any CPU
		{CBD3A1EB-B848-40A5-9237-B16C7EF8F15E}.Release|Any CPU.Build.0 = Release|Any CPU
		{0862E854-431A-4062-A4CC-6C919CCBC217}.Debug|Any CPU.ActiveCfg = Debug|Any CPU
		{0862E854-431A-4062-A4CC-6C919CCBC217}.Debug|Any CPU.Build.0 = Debug|Any CPU
		{0862E854-431A-4062-A4CC-6C919CCBC217}.Release|Any CPU.ActiveCfg = Release|Any CPU
		{0862E854-431A-4062-A4CC-6C919CCBC217}.Release|Any CPU.Build.0 = Release|Any CPU
		{413895AA-FDAB-4A5E-A31A-F3C844ACA7D6}.Debug|Any CPU.ActiveCfg = Debug|Any CPU
		{413895AA-FDAB-4A5E-A31A-F3C844ACA7D6}.Debug|Any CPU.Build.0 = Debug|Any CPU
		{413895AA-FDAB-4A5E-A31A-F3C844ACA7D6}.Release|Any CPU.ActiveCfg = Release|Any CPU
		{413895AA-FDAB-4A5E-A31A-F3C844ACA7D6}.Release|Any CPU.Build.0 = Release|Any CPU
		{49FCD937-1E86-48D6-8F20-FAC8F0A73C14}.Debug|Any CPU.ActiveCfg = Debug|Any CPU
		{49FCD937-1E86-48D6-8F20-FAC8F0A73C14}.Debug|Any CPU.Build.0 = Debug|Any CPU
		{49FCD937-1E86-48D6-8F20-FAC8F0A73C14}.Release|Any CPU.ActiveCfg = Release|Any CPU
		{49FCD937-1E86-48D6-8F20-FAC8F0A73C14}.Release|Any CPU.Build.0 = Release|Any CPU
		{0E3C73D8-09AB-45FA-BCFC-D3A355E63E88}.Debug|Any CPU.ActiveCfg = Debug|Any CPU
		{0E3C73D8-09AB-45FA-BCFC-D3A355E63E88}.Debug|Any CPU.Build.0 = Debug|Any CPU
		{0E3C73D8-09AB-45FA-BCFC-D3A355E63E88}.Release|Any CPU.ActiveCfg = Release|Any CPU
		{0E3C73D8-09AB-45FA-BCFC-D3A355E63E88}.Release|Any CPU.Build.0 = Release|Any CPU
	EndGlobalSection
	GlobalSection(SolutionProperties) = preSolution
		HideSolutionNode = FALSE
	EndGlobalSection
	GlobalSection(NestedProjects) = preSolution
		{DF04FC69-A6C7-45A9-873E-75E300646621} = {260FDF88-0BF3-41B3-8ABF-5C902C8B70D9}
		{0BB78C34-D79C-44DD-88E5-318F2541648C} = {260FDF88-0BF3-41B3-8ABF-5C902C8B70D9}
		{21395883-0094-4429-83B9-F48E6C47DC15} = {260FDF88-0BF3-41B3-8ABF-5C902C8B70D9}
		{92B168D2-9D31-4B6F-80AB-9739A18C4415} = {DA0BE0D8-E365-4F8C-8EC5-C21299BA500F}
		{CBD3A1EB-B848-40A5-9237-B16C7EF8F15E} = {DF04FC69-A6C7-45A9-873E-75E300646621}
		{0862E854-431A-4062-A4CC-6C919CCBC217} = {0BB78C34-D79C-44DD-88E5-318F2541648C}
		{413895AA-FDAB-4A5E-A31A-F3C844ACA7D6} = {0BB78C34-D79C-44DD-88E5-318F2541648C}
		{49FCD937-1E86-48D6-8F20-FAC8F0A73C14} = {21395883-0094-4429-83B9-F48E6C47DC15}
		{0E3C73D8-09AB-45FA-BCFC-D3A355E63E88} = {92B168D2-9D31-4B6F-80AB-9739A18C4415}
	EndGlobalSection
	GlobalSection(ExtensibilityGlobals) = postSolution
		SolutionGuid = {75EA0FA5-CBE9-46F8-8174-4394BCF79041}
	EndGlobalSection
EndGlobal
